// !$*UTF8*$!
{
	archiveVersion = 1;
	classes = {
	};
	objectVersion = 46;
	objects = {

/* Begin PBXBuildFile section */
		16016B9D284FCEEB792232E1 /* Pods_PingPop.framework in Frameworks */ = {isa = PBXBuildFile; fileRef = 4BB420A0A5ED70CEA049880D /* Pods_PingPop.framework */; };
		8A6BE70F1D1A40E8008E037A /* AppDelegate.swift in Sources */ = {isa = PBXBuildFile; fileRef = 8A6BE70E1D1A40E8008E037A /* AppDelegate.swift */; };
		8A6BE7111D1A40E8008E037A /* ViewController.swift in Sources */ = {isa = PBXBuildFile; fileRef = 8A6BE7101D1A40E8008E037A /* ViewController.swift */; };
		8A6BE7141D1A40E8008E037A /* Main.storyboard in Resources */ = {isa = PBXBuildFile; fileRef = 8A6BE7121D1A40E8008E037A /* Main.storyboard */; };
		8A6BE7161D1A40E8008E037A /* Assets.xcassets in Resources */ = {isa = PBXBuildFile; fileRef = 8A6BE7151D1A40E8008E037A /* Assets.xcassets */; };
		8A6BE7191D1A40E8008E037A /* LaunchScreen.storyboard in Resources */ = {isa = PBXBuildFile; fileRef = 8A6BE7171D1A40E8008E037A /* LaunchScreen.storyboard */; };
		8A6BE7241D1A40E8008E037A /* PingPopTests.swift in Sources */ = {isa = PBXBuildFile; fileRef = 8A6BE7231D1A40E8008E037A /* PingPopTests.swift */; };
		8A6BE72F1D1A40E8008E037A /* PingPopUITests.swift in Sources */ = {isa = PBXBuildFile; fileRef = 8A6BE72E1D1A40E8008E037A /* PingPopUITests.swift */; };
		8A6BE73D1D1A41AB008E037A /* PopNet.swift in Sources */ = {isa = PBXBuildFile; fileRef = 8A6BE73C1D1A41AB008E037A /* PopNet.swift */; };
		8A6BE7411D1A5472008E037A /* beep-holdtone.aif in Resources */ = {isa = PBXBuildFile; fileRef = 8A6BE7401D1A5472008E037A /* beep-holdtone.aif */; };
		8AAE453E1D1A6372008F6CFC /* ChooseFile.swift in Sources */ = {isa = PBXBuildFile; fileRef = 8AAE453D1D1A6372008F6CFC /* ChooseFile.swift */; };
		8AAE45401D1A71AF008F6CFC /* SettingsView.swift in Sources */ = {isa = PBXBuildFile; fileRef = 8AAE453F1D1A71AF008F6CFC /* SettingsView.swift */; };
/* End PBXBuildFile section */

/* Begin PBXContainerItemProxy section */
		8A6BE7201D1A40E8008E037A /* PBXContainerItemProxy */ = {
			isa = PBXContainerItemProxy;
			containerPortal = 8A6BE7031D1A40E8008E037A /* Project object */;
			proxyType = 1;
			remoteGlobalIDString = 8A6BE70A1D1A40E8008E037A;
			remoteInfo = PingPop;
		};
		8A6BE72B1D1A40E8008E037A /* PBXContainerItemProxy */ = {
			isa = PBXContainerItemProxy;
			containerPortal = 8A6BE7031D1A40E8008E037A /* Project object */;
			proxyType = 1;
			remoteGlobalIDString = 8A6BE70A1D1A40E8008E037A;
			remoteInfo = PingPop;
		};
/* End PBXContainerItemProxy section */

/* Begin PBXFileReference section */
		4BB420A0A5ED70CEA049880D /* Pods_PingPop.framework */ = {isa = PBXFileReference; explicitFileType = wrapper.framework; includeInIndex = 0; path = Pods_PingPop.framework; sourceTree = BUILT_PRODUCTS_DIR; };
		8A6BE70B1D1A40E8008E037A /* PingPop.app */ = {isa = PBXFileReference; explicitFileType = wrapper.application; includeInIndex = 0; path = PingPop.app; sourceTree = BUILT_PRODUCTS_DIR; };
		8A6BE70E1D1A40E8008E037A /* AppDelegate.swift */ = {isa = PBXFileReference; lastKnownFileType = sourcecode.swift; path = AppDelegate.swift; sourceTree = "<group>"; };
		8A6BE7101D1A40E8008E037A /* ViewController.swift */ = {isa = PBXFileReference; lastKnownFileType = sourcecode.swift; path = ViewController.swift; sourceTree = "<group>"; };
		8A6BE7131D1A40E8008E037A /* Base */ = {isa = PBXFileReference; lastKnownFileType = file.storyboard; name = Base; path = Base.lproj/Main.storyboard; sourceTree = "<group>"; };
		8A6BE7151D1A40E8008E037A /* Assets.xcassets */ = {isa = PBXFileReference; lastKnownFileType = folder.assetcatalog; path = Assets.xcassets; sourceTree = "<group>"; };
		8A6BE7181D1A40E8008E037A /* Base */ = {isa = PBXFileReference; lastKnownFileType = file.storyboard; name = Base; path = Base.lproj/LaunchScreen.storyboard; sourceTree = "<group>"; };
		8A6BE71A1D1A40E8008E037A /* Info.plist */ = {isa = PBXFileReference; lastKnownFileType = text.plist.xml; path = Info.plist; sourceTree = "<group>"; };
		8A6BE71F1D1A40E8008E037A /* PingPopTests.xctest */ = {isa = PBXFileReference; explicitFileType = wrapper.cfbundle; includeInIndex = 0; path = PingPopTests.xctest; sourceTree = BUILT_PRODUCTS_DIR; };
		8A6BE7231D1A40E8008E037A /* PingPopTests.swift */ = {isa = PBXFileReference; lastKnownFileType = sourcecode.swift; path = PingPopTests.swift; sourceTree = "<group>"; };
		8A6BE7251D1A40E8008E037A /* Info.plist */ = {isa = PBXFileReference; lastKnownFileType = text.plist.xml; path = Info.plist; sourceTree = "<group>"; };
		8A6BE72A1D1A40E8008E037A /* PingPopUITests.xctest */ = {isa = PBXFileReference; explicitFileType = wrapper.cfbundle; includeInIndex = 0; path = PingPopUITests.xctest; sourceTree = BUILT_PRODUCTS_DIR; };
		8A6BE72E1D1A40E8008E037A /* PingPopUITests.swift */ = {isa = PBXFileReference; lastKnownFileType = sourcecode.swift; path = PingPopUITests.swift; sourceTree = "<group>"; };
		8A6BE7301D1A40E8008E037A /* Info.plist */ = {isa = PBXFileReference; lastKnownFileType = text.plist.xml; path = Info.plist; sourceTree = "<group>"; };
		8A6BE73C1D1A41AB008E037A /* PopNet.swift */ = {isa = PBXFileReference; fileEncoding = 4; lastKnownFileType = sourcecode.swift; name = PopNet.swift; path = ../PopNet.swift; sourceTree = "<group>"; };
		8A6BE7401D1A5472008E037A /* beep-holdtone.aif */ = {isa = PBXFileReference; lastKnownFileType = file; path = "beep-holdtone.aif"; sourceTree = "<group>"; };
		8AAE453D1D1A6372008F6CFC /* ChooseFile.swift */ = {isa = PBXFileReference; fileEncoding = 4; lastKnownFileType = sourcecode.swift; path = ChooseFile.swift; sourceTree = "<group>"; };
		8AAE453F1D1A71AF008F6CFC /* SettingsView.swift */ = {isa = PBXFileReference; fileEncoding = 4; lastKnownFileType = sourcecode.swift; path = SettingsView.swift; sourceTree = "<group>"; };
		A5F2BC60B318F0A9FCAE5FFB /* Pods-PingPop.debug.xcconfig */ = {isa = PBXFileReference; includeInIndex = 1; lastKnownFileType = text.xcconfig; name = "Pods-PingPop.debug.xcconfig"; path = "Pods/Target Support Files/Pods-PingPop/Pods-PingPop.debug.xcconfig"; sourceTree = "<group>"; };
		FD03F74298E24F71B86C2E67 /* Pods-PingPop.release.xcconfig */ = {isa = PBXFileReference; includeInIndex = 1; lastKnownFileType = text.xcconfig; name = "Pods-PingPop.release.xcconfig"; path = "Pods/Target Support Files/Pods-PingPop/Pods-PingPop.release.xcconfig"; sourceTree = "<group>"; };
/* End PBXFileReference section */

/* Begin PBXFrameworksBuildPhase section */
		8A6BE7081D1A40E8008E037A /* Frameworks */ = {
			isa = PBXFrameworksBuildPhase;
			buildActionMask = 2147483647;
			files = (
				16016B9D284FCEEB792232E1 /* Pods_PingPop.framework in Frameworks */,
			);
			runOnlyForDeploymentPostprocessing = 0;
		};
		8A6BE71C1D1A40E8008E037A /* Frameworks */ = {
			isa = PBXFrameworksBuildPhase;
			buildActionMask = 2147483647;
			files = (
			);
			runOnlyForDeploymentPostprocessing = 0;
		};
		8A6BE7271D1A40E8008E037A /* Frameworks */ = {
			isa = PBXFrameworksBuildPhase;
			buildActionMask = 2147483647;
			files = (
			);
			runOnlyForDeploymentPostprocessing = 0;
		};
/* End PBXFrameworksBuildPhase section */

/* Begin PBXGroup section */
		448FFDE1B3C9B5C2ED41D231 /* Frameworks */ = {
			isa = PBXGroup;
			children = (
				4BB420A0A5ED70CEA049880D /* Pods_PingPop.framework */,
			);
			name = Frameworks;
			sourceTree = "<group>";
		};
		8A6BE7021D1A40E8008E037A = {
			isa = PBXGroup;
			children = (
				8A6BE70D1D1A40E8008E037A /* PingPop */,
				8A6BE7221D1A40E8008E037A /* PingPopTests */,
				8A6BE72D1D1A40E8008E037A /* PingPopUITests */,
				8A6BE70C1D1A40E8008E037A /* Products */,
				A18B0BA9562B00F721496A36 /* Pods */,
				448FFDE1B3C9B5C2ED41D231 /* Frameworks */,
			);
			sourceTree = "<group>";
		};
		8A6BE70C1D1A40E8008E037A /* Products */ = {
			isa = PBXGroup;
			children = (
				8A6BE70B1D1A40E8008E037A /* PingPop.app */,
				8A6BE71F1D1A40E8008E037A /* PingPopTests.xctest */,
				8A6BE72A1D1A40E8008E037A /* PingPopUITests.xctest */,
			);
			name = Products;
			sourceTree = "<group>";
		};
		8A6BE70D1D1A40E8008E037A /* PingPop */ = {
			isa = PBXGroup;
			children = (
				8A6BE7401D1A5472008E037A /* beep-holdtone.aif */,
				8A6BE73C1D1A41AB008E037A /* PopNet.swift */,
				8A6BE70E1D1A40E8008E037A /* AppDelegate.swift */,
				8A6BE7101D1A40E8008E037A /* ViewController.swift */,
				8AAE453F1D1A71AF008F6CFC /* SettingsView.swift */,
				8AAE453D1D1A6372008F6CFC /* ChooseFile.swift */,
				8A6BE7121D1A40E8008E037A /* Main.storyboard */,
				8A6BE7151D1A40E8008E037A /* Assets.xcassets */,
				8A6BE7171D1A40E8008E037A /* LaunchScreen.storyboard */,
				8A6BE71A1D1A40E8008E037A /* Info.plist */,
			);
			path = PingPop;
			sourceTree = "<group>";
		};
		8A6BE7221D1A40E8008E037A /* PingPopTests */ = {
			isa = PBXGroup;
			children = (
				8A6BE7231D1A40E8008E037A /* PingPopTests.swift */,
				8A6BE7251D1A40E8008E037A /* Info.plist */,
			);
			path = PingPopTests;
			sourceTree = "<group>";
		};
		8A6BE72D1D1A40E8008E037A /* PingPopUITests */ = {
			isa = PBXGroup;
			children = (
				8A6BE72E1D1A40E8008E037A /* PingPopUITests.swift */,
				8A6BE7301D1A40E8008E037A /* Info.plist */,
			);
			path = PingPopUITests;
			sourceTree = "<group>";
		};
		A18B0BA9562B00F721496A36 /* Pods */ = {
			isa = PBXGroup;
			children = (
				A5F2BC60B318F0A9FCAE5FFB /* Pods-PingPop.debug.xcconfig */,
				FD03F74298E24F71B86C2E67 /* Pods-PingPop.release.xcconfig */,
			);
			name = Pods;
			sourceTree = "<group>";
		};
/* End PBXGroup section */

/* Begin PBXNativeTarget section */
		8A6BE70A1D1A40E8008E037A /* PingPop */ = {
			isa = PBXNativeTarget;
			buildConfigurationList = 8A6BE7331D1A40E8008E037A /* Build configuration list for PBXNativeTarget "PingPop" */;
			buildPhases = (
				1C694129C339A74BF4AF974C /* [CP] Check Pods Manifest.lock */,
				8A6BE7071D1A40E8008E037A /* Sources */,
				8A6BE7081D1A40E8008E037A /* Frameworks */,
				8A6BE7091D1A40E8008E037A /* Resources */,
				C4E9CBE4A9CFA954CE08F74E /* [CP] Embed Pods Frameworks */,
				3FA2F1A87494AC095B9CA4C5 /* [CP] Copy Pods Resources */,
			);
			buildRules = (
			);
			dependencies = (
			);
			name = PingPop;
			productName = PingPop;
			productReference = 8A6BE70B1D1A40E8008E037A /* PingPop.app */;
			productType = "com.apple.product-type.application";
		};
		8A6BE71E1D1A40E8008E037A /* PingPopTests */ = {
			isa = PBXNativeTarget;
			buildConfigurationList = 8A6BE7361D1A40E8008E037A /* Build configuration list for PBXNativeTarget "PingPopTests" */;
			buildPhases = (
				8A6BE71B1D1A40E8008E037A /* Sources */,
				8A6BE71C1D1A40E8008E037A /* Frameworks */,
				8A6BE71D1D1A40E8008E037A /* Resources */,
			);
			buildRules = (
			);
			dependencies = (
				8A6BE7211D1A40E8008E037A /* PBXTargetDependency */,
			);
			name = PingPopTests;
			productName = PingPopTests;
			productReference = 8A6BE71F1D1A40E8008E037A /* PingPopTests.xctest */;
			productType = "com.apple.product-type.bundle.unit-test";
		};
		8A6BE7291D1A40E8008E037A /* PingPopUITests */ = {
			isa = PBXNativeTarget;
			buildConfigurationList = 8A6BE7391D1A40E8008E037A /* Build configuration list for PBXNativeTarget "PingPopUITests" */;
			buildPhases = (
				8A6BE7261D1A40E8008E037A /* Sources */,
				8A6BE7271D1A40E8008E037A /* Frameworks */,
				8A6BE7281D1A40E8008E037A /* Resources */,
			);
			buildRules = (
			);
			dependencies = (
				8A6BE72C1D1A40E8008E037A /* PBXTargetDependency */,
			);
			name = PingPopUITests;
			productName = PingPopUITests;
			productReference = 8A6BE72A1D1A40E8008E037A /* PingPopUITests.xctest */;
			productType = "com.apple.product-type.bundle.ui-testing";
		};
/* End PBXNativeTarget section */

/* Begin PBXProject section */
		8A6BE7031D1A40E8008E037A /* Project object */ = {
			isa = PBXProject;
			attributes = {
				LastSwiftUpdateCheck = 0730;
				LastUpgradeCheck = 0800;
				ORGANIZATIONNAME = "Keaton Burleson";
				TargetAttributes = {
					8A6BE70A1D1A40E8008E037A = {
						CreatedOnToolsVersion = 7.3.1;
						DevelopmentTeam = Z48RKT6B3T;
						DevelopmentTeamName = "Tim Burleson";
						LastSwiftMigration = 0800;
					};
					8A6BE71E1D1A40E8008E037A = {
						CreatedOnToolsVersion = 7.3.1;
						LastSwiftMigration = 0800;
						TestTargetID = 8A6BE70A1D1A40E8008E037A;
					};
					8A6BE7291D1A40E8008E037A = {
						CreatedOnToolsVersion = 7.3.1;
						LastSwiftMigration = 0800;
						TestTargetID = 8A6BE70A1D1A40E8008E037A;
					};
				};
			};
			buildConfigurationList = 8A6BE7061D1A40E8008E037A /* Build configuration list for PBXProject "PingPop" */;
			compatibilityVersion = "Xcode 3.2";
			developmentRegion = English;
			hasScannedForEncodings = 0;
			knownRegions = (
				en,
				Base,
			);
			mainGroup = 8A6BE7021D1A40E8008E037A;
			productRefGroup = 8A6BE70C1D1A40E8008E037A /* Products */;
			projectDirPath = "";
			projectRoot = "";
			targets = (
				8A6BE70A1D1A40E8008E037A /* PingPop */,
				8A6BE71E1D1A40E8008E037A /* PingPopTests */,
				8A6BE7291D1A40E8008E037A /* PingPopUITests */,
			);
		};
/* End PBXProject section */

/* Begin PBXResourcesBuildPhase section */
		8A6BE7091D1A40E8008E037A /* Resources */ = {
			isa = PBXResourcesBuildPhase;
			buildActionMask = 2147483647;
			files = (
				8A6BE7191D1A40E8008E037A /* LaunchScreen.storyboard in Resources */,
				8A6BE7411D1A5472008E037A /* beep-holdtone.aif in Resources */,
				8A6BE7161D1A40E8008E037A /* Assets.xcassets in Resources */,
				8A6BE7141D1A40E8008E037A /* Main.storyboard in Resources */,
			);
			runOnlyForDeploymentPostprocessing = 0;
		};
		8A6BE71D1D1A40E8008E037A /* Resources */ = {
			isa = PBXResourcesBuildPhase;
			buildActionMask = 2147483647;
			files = (
			);
			runOnlyForDeploymentPostprocessing = 0;
		};
		8A6BE7281D1A40E8008E037A /* Resources */ = {
			isa = PBXResourcesBuildPhase;
			buildActionMask = 2147483647;
			files = (
			);
			runOnlyForDeploymentPostprocessing = 0;
		};
/* End PBXResourcesBuildPhase section */

/* Begin PBXShellScriptBuildPhase section */
		1C694129C339A74BF4AF974C /* [CP] Check Pods Manifest.lock */ = {
			isa = PBXShellScriptBuildPhase;
			buildActionMask = 2147483647;
			files = (
			);
			inputPaths = (
			);
			name = "[CP] Check Pods Manifest.lock";
			outputPaths = (
			);
			runOnlyForDeploymentPostprocessing = 0;
			shellPath = /bin/sh;
			shellScript = "diff \"${PODS_ROOT}/../Podfile.lock\" \"${PODS_ROOT}/Manifest.lock\" > /dev/null\nif [[ $? != 0 ]] ; then\n    cat << EOM\nerror: The sandbox is not in sync with the Podfile.lock. Run 'pod install' or update your CocoaPods installation.\nEOM\n    exit 1\nfi\n";
			showEnvVarsInLog = 0;
		};
		3FA2F1A87494AC095B9CA4C5 /* [CP] Copy Pods Resources */ = {
			isa = PBXShellScriptBuildPhase;
			buildActionMask = 2147483647;
			files = (
			);
			inputPaths = (
			);
			name = "[CP] Copy Pods Resources";
			outputPaths = (
			);
			runOnlyForDeploymentPostprocessing = 0;
			shellPath = /bin/sh;
			shellScript = "\"${SRCROOT}/Pods/Target Support Files/Pods-PingPop/Pods-PingPop-resources.sh\"\n";
			showEnvVarsInLog = 0;
		};
		C4E9CBE4A9CFA954CE08F74E /* [CP] Embed Pods Frameworks */ = {
			isa = PBXShellScriptBuildPhase;
			buildActionMask = 2147483647;
			files = (
			);
			inputPaths = (
			);
			name = "[CP] Embed Pods Frameworks";
			outputPaths = (
			);
			runOnlyForDeploymentPostprocessing = 0;
			shellPath = /bin/sh;
			shellScript = "\"${SRCROOT}/Pods/Target Support Files/Pods-PingPop/Pods-PingPop-frameworks.sh\"\n";
			showEnvVarsInLog = 0;
		};
/* End PBXShellScriptBuildPhase section */

/* Begin PBXSourcesBuildPhase section */
		8A6BE7071D1A40E8008E037A /* Sources */ = {
			isa = PBXSourcesBuildPhase;
			buildActionMask = 2147483647;
			files = (
				8AAE45401D1A71AF008F6CFC /* SettingsView.swift in Sources */,
				8AAE453E1D1A6372008F6CFC /* ChooseFile.swift in Sources */,
				8A6BE7111D1A40E8008E037A /* ViewController.swift in Sources */,
				8A6BE70F1D1A40E8008E037A /* AppDelegate.swift in Sources */,
				8A6BE73D1D1A41AB008E037A /* PopNet.swift in Sources */,
			);
			runOnlyForDeploymentPostprocessing = 0;
		};
		8A6BE71B1D1A40E8008E037A /* Sources */ = {
			isa = PBXSourcesBuildPhase;
			buildActionMask = 2147483647;
			files = (
				8A6BE7241D1A40E8008E037A /* PingPopTests.swift in Sources */,
			);
			runOnlyForDeploymentPostprocessing = 0;
		};
		8A6BE7261D1A40E8008E037A /* Sources */ = {
			isa = PBXSourcesBuildPhase;
			buildActionMask = 2147483647;
			files = (
				8A6BE72F1D1A40E8008E037A /* PingPopUITests.swift in Sources */,
			);
			runOnlyForDeploymentPostprocessing = 0;
		};
/* End PBXSourcesBuildPhase section */

/* Begin PBXTargetDependency section */
		8A6BE7211D1A40E8008E037A /* PBXTargetDependency */ = {
			isa = PBXTargetDependency;
			target = 8A6BE70A1D1A40E8008E037A /* PingPop */;
			targetProxy = 8A6BE7201D1A40E8008E037A /* PBXContainerItemProxy */;
		};
		8A6BE72C1D1A40E8008E037A /* PBXTargetDependency */ = {
			isa = PBXTargetDependency;
			target = 8A6BE70A1D1A40E8008E037A /* PingPop */;
			targetProxy = 8A6BE72B1D1A40E8008E037A /* PBXContainerItemProxy */;
		};
/* End PBXTargetDependency section */

/* Begin PBXVariantGroup section */
		8A6BE7121D1A40E8008E037A /* Main.storyboard */ = {
			isa = PBXVariantGroup;
			children = (
				8A6BE7131D1A40E8008E037A /* Base */,
			);
			name = Main.storyboard;
			sourceTree = "<group>";
		};
		8A6BE7171D1A40E8008E037A /* LaunchScreen.storyboard */ = {
			isa = PBXVariantGroup;
			children = (
				8A6BE7181D1A40E8008E037A /* Base */,
			);
			name = LaunchScreen.storyboard;
			sourceTree = "<group>";
		};
/* End PBXVariantGroup section */

/* Begin XCBuildConfiguration section */
		8A6BE7311D1A40E8008E037A /* Debug */ = {
			isa = XCBuildConfiguration;
			buildSettings = {
				ALWAYS_SEARCH_USER_PATHS = NO;
				CLANG_ANALYZER_NONNULL = YES;
				CLANG_CXX_LANGUAGE_STANDARD = "gnu++0x";
				CLANG_CXX_LIBRARY = "libc++";
				CLANG_ENABLE_MODULES = YES;
				CLANG_ENABLE_OBJC_ARC = YES;
				CLANG_WARN_BOOL_CONVERSION = YES;
				CLANG_WARN_CONSTANT_CONVERSION = YES;
				CLANG_WARN_DIRECT_OBJC_ISA_USAGE = YES_ERROR;
				CLANG_WARN_EMPTY_BODY = YES;
				CLANG_WARN_ENUM_CONVERSION = YES;
				CLANG_WARN_INT_CONVERSION = YES;
				CLANG_WARN_OBJC_ROOT_CLASS = YES_ERROR;
				CLANG_WARN_UNREACHABLE_CODE = YES;
				CLANG_WARN__DUPLICATE_METHOD_MATCH = YES;
				"CODE_SIGN_IDENTITY[sdk=iphoneos*]" = "iPhone Developer";
				COPY_PHASE_STRIP = NO;
				DEBUG_INFORMATION_FORMAT = dwarf;
				ENABLE_STRICT_OBJC_MSGSEND = YES;
				ENABLE_TESTABILITY = YES;
				GCC_C_LANGUAGE_STANDARD = gnu99;
				GCC_DYNAMIC_NO_PIC = NO;
				GCC_NO_COMMON_BLOCKS = YES;
				GCC_OPTIMIZATION_LEVEL = 0;
				GCC_PREPROCESSOR_DEFINITIONS = (
					"DEBUG=1",
					"$(inherited)",
				);
				GCC_WARN_64_TO_32_BIT_CONVERSION = YES;
				GCC_WARN_ABOUT_RETURN_TYPE = YES_ERROR;
				GCC_WARN_UNDECLARED_SELECTOR = YES;
				GCC_WARN_UNINITIALIZED_AUTOS = YES_AGGRESSIVE;
				GCC_WARN_UNUSED_FUNCTION = YES;
				GCC_WARN_UNUSED_VARIABLE = YES;
				MTL_ENABLE_DEBUG_INFO = YES;
				ONLY_ACTIVE_ARCH = YES;
				SDKROOT = iphoneos;
				SWIFT_OPTIMIZATION_LEVEL = "-Onone";
			};
			name = Debug;
		};
		8A6BE7321D1A40E8008E037A /* Release */ = {
			isa = XCBuildConfiguration;
			buildSettings = {
				ALWAYS_SEARCH_USER_PATHS = NO;
				CLANG_ANALYZER_NONNULL = YES;
				CLANG_CXX_LANGUAGE_STANDARD = "gnu++0x";
				CLANG_CXX_LIBRARY = "libc++";
				CLANG_ENABLE_MODULES = YES;
				CLANG_ENABLE_OBJC_ARC = YES;
				CLANG_WARN_BOOL_CONVERSION = YES;
				CLANG_WARN_CONSTANT_CONVERSION = YES;
				CLANG_WARN_DIRECT_OBJC_ISA_USAGE = YES_ERROR;
				CLANG_WARN_EMPTY_BODY = YES;
				CLANG_WARN_ENUM_CONVERSION = YES;
				CLANG_WARN_INT_CONVERSION = YES;
				CLANG_WARN_OBJC_ROOT_CLASS = YES_ERROR;
				CLANG_WARN_UNREACHABLE_CODE = YES;
				CLANG_WARN__DUPLICATE_METHOD_MATCH = YES;
				"CODE_SIGN_IDENTITY[sdk=iphoneos*]" = "iPhone Developer";
				COPY_PHASE_STRIP = NO;
				DEBUG_INFORMATION_FORMAT = "dwarf-with-dsym";
				ENABLE_NS_ASSERTIONS = NO;
				ENABLE_STRICT_OBJC_MSGSEND = YES;
				GCC_C_LANGUAGE_STANDARD = gnu99;
				GCC_NO_COMMON_BLOCKS = YES;
				GCC_WARN_64_TO_32_BIT_CONVERSION = YES;
				GCC_WARN_ABOUT_RETURN_TYPE = YES_ERROR;
				GCC_WARN_UNDECLARED_SELECTOR = YES;
				GCC_WARN_UNINITIALIZED_AUTOS = YES_AGGRESSIVE;
				GCC_WARN_UNUSED_FUNCTION = YES;
				GCC_WARN_UNUSED_VARIABLE = YES;
				MTL_ENABLE_DEBUG_INFO = NO;
				SDKROOT = iphoneos;
				VALIDATE_PRODUCT = YES;
			};
			name = Release;
		};
		8A6BE7341D1A40E8008E037A /* Debug */ = {
			isa = XCBuildConfiguration;
			baseConfigurationReference = A5F2BC60B318F0A9FCAE5FFB /* Pods-PingPop.debug.xcconfig */;
			buildSettings = {
				ASSETCATALOG_COMPILER_APPICON_NAME = AppIcon;
				INFOPLIST_FILE = PingPop/Info.plist;
				IPHONEOS_DEPLOYMENT_TARGET = 9.0;
				LD_RUNPATH_SEARCH_PATHS = "$(inherited) @executable_path/Frameworks";
				PRODUCT_BUNDLE_IDENTIFIER = com.bittank.PingPop;
				PRODUCT_NAME = "$(TARGET_NAME)";
				SWIFT_VERSION = 2.3;
				TARGETED_DEVICE_FAMILY = "1,2";
			};
			name = Debug;
		};
		8A6BE7351D1A40E8008E037A /* Release */ = {
			isa = XCBuildConfiguration;
			baseConfigurationReference = FD03F74298E24F71B86C2E67 /* Pods-PingPop.release.xcconfig */;
			buildSettings = {
				ASSETCATALOG_COMPILER_APPICON_NAME = AppIcon;
				INFOPLIST_FILE = PingPop/Info.plist;
				IPHONEOS_DEPLOYMENT_TARGET = 9.0;
				LD_RUNPATH_SEARCH_PATHS = "$(inherited) @executable_path/Frameworks";
				PRODUCT_BUNDLE_IDENTIFIER = com.bittank.PingPop;
				PRODUCT_NAME = "$(TARGET_NAME)";
				SWIFT_OPTIMIZATION_LEVEL = "-Owholemodule";
				SWIFT_VERSION = 2.3;
				TARGETED_DEVICE_FAMILY = "1,2";
			};
			name = Release;
		};
		8A6BE7371D1A40E8008E037A /* Debug */ = {
			isa = XCBuildConfiguration;
			buildSettings = {
				BUNDLE_LOADER = "$(TEST_HOST)";
				INFOPLIST_FILE = PingPopTests/Info.plist;
				LD_RUNPATH_SEARCH_PATHS = "$(inherited) @executable_path/Frameworks @loader_path/Frameworks";
				PRODUCT_BUNDLE_IDENTIFIER = com.bittank.PingPopTests;
				PRODUCT_NAME = "$(TARGET_NAME)";
				SWIFT_VERSION = 2.3;
				TEST_HOST = "$(BUILT_PRODUCTS_DIR)/PingPop.app/PingPop";
			};
			name = Debug;
		};
		8A6BE7381D1A40E8008E037A /* Release */ = {
			isa = XCBuildConfiguration;
			buildSettings = {
				BUNDLE_LOADER = "$(TEST_HOST)";
				INFOPLIST_FILE = PingPopTests/Info.plist;
				LD_RUNPATH_SEARCH_PATHS = "$(inherited) @executable_path/Frameworks @loader_path/Frameworks";
				PRODUCT_BUNDLE_IDENTIFIER = com.bittank.PingPopTests;
				PRODUCT_NAME = "$(TARGET_NAME)";
				SWIFT_OPTIMIZATION_LEVEL = "-Owholemodule";
				SWIFT_VERSION = 2.3;
				TEST_HOST = "$(BUILT_PRODUCTS_DIR)/PingPop.app/PingPop";
			};
			name = Release;
		};
		8A6BE73A1D1A40E8008E037A /* Debug */ = {
			isa = XCBuildConfiguration;
			buildSettings = {
				INFOPLIST_FILE = PingPopUITests/Info.plist;
				LD_RUNPATH_SEARCH_PATHS = "$(inherited) @executable_path/Frameworks @loader_path/Frameworks";
				PRODUCT_BUNDLE_IDENTIFIER = com.bittank.PingPopUITests;
				PRODUCT_NAME = "$(TARGET_NAME)";
				SWIFT_VERSION = 2.3;
				TEST_TARGET_NAME = PingPop;
			};
			name = Debug;
		};
		8A6BE73B1D1A40E8008E037A /* Release */ = {
			isa = XCBuildConfiguration;
			buildSettings = {
				INFOPLIST_FILE = PingPopUITests/Info.plist;
				LD_RUNPATH_SEARCH_PATHS = "$(inherited) @executable_path/Frameworks @loader_path/Frameworks";
				PRODUCT_BUNDLE_IDENTIFIER = com.bittank.PingPopUITests;
				PRODUCT_NAME = "$(TARGET_NAME)";
				SWIFT_OPTIMIZATION_LEVEL = "-Owholemodule";
				SWIFT_VERSION = 2.3;
				TEST_TARGET_NAME = PingPop;
			};
			name = Release;
		};
/* End XCBuildConfiguration section */

/* Begin XCConfigurationList section */
		8A6BE7061D1A40E8008E037A /* Build configuration list for PBXProject "PingPop" */ = {
			isa = XCConfigurationList;
			buildConfigurations = (
				8A6BE7311D1A40E8008E037A /* Debug */,
				8A6BE7321D1A40E8008E037A /* Release */,
			);
			defaultConfigurationIsVisible = 0;
			defaultConfigurationName = Release;
		};
		8A6BE7331D1A40E8008E037A /* Build configuration list for PBXNativeTarget "PingPop" */ = {
			isa = XCConfigurationList;
			buildConfigurations = (
				8A6BE7341D1A40E8008E037A /* Debug */,
				8A6BE7351D1A40E8008E037A /* Release */,
			);
			defaultConfigurationIsVisible = 0;
			defaultConfigurationName = Release;
		};
		8A6BE7361D1A40E8008E037A /* Build configuration list for PBXNativeTarget "PingPopTests" */ = {
			isa = XCConfigurationList;
			buildConfigurations = (
				8A6BE7371D1A40E8008E037A /* Debug */,
				8A6BE7381D1A40E8008E037A /* Release */,
			);
			defaultConfigurationIsVisible = 0;
			defaultConfigurationName = Release;
		};
		8A6BE7391D1A40E8008E037A /* Build configuration list for PBXNativeTarget "PingPopUITests" */ = {
			isa = XCConfigurationList;
			buildConfigurations = (
				8A6BE73A1D1A40E8008E037A /* Debug */,
				8A6BE73B1D1A40E8008E037A /* Release */,
			);
			defaultConfigurationIsVisible = 0;
			defaultConfigurationName = Release;
		};
/* End XCConfigurationList section */
	};
	rootObject = 8A6BE7031D1A40E8008E037A /* Project object */;
}
